// !$*UTF8*$!
{
	archiveVersion = 1;
	classes = {
	};
	objectVersion = 50;
	objects = {

/* Begin PBXBuildFile section */
		A6D5A36C251F118000A0438E /* AppDelegate.swift in Sources */ = {isa = PBXBuildFile; fileRef = A6D5A36B251F118000A0438E /* AppDelegate.swift */; };
		A6D5A36E251F118000A0438E /* SceneDelegate.swift in Sources */ = {isa = PBXBuildFile; fileRef = A6D5A36D251F118000A0438E /* SceneDelegate.swift */; };
		A6D5A370251F118000A0438E /* ViewController.swift in Sources */ = {isa = PBXBuildFile; fileRef = A6D5A36F251F118000A0438E /* ViewController.swift */; };
		A6D5A373251F118000A0438E /* Main.storyboard in Resources */ = {isa = PBXBuildFile; fileRef = A6D5A371251F118000A0438E /* Main.storyboard */; };
		A6D5A375251F118700A0438E /* Assets.xcassets in Resources */ = {isa = PBXBuildFile; fileRef = A6D5A374251F118700A0438E /* Assets.xcassets */; };
		A6D5A378251F118700A0438E /* LaunchScreen.storyboard in Resources */ = {isa = PBXBuildFile; fileRef = A6D5A376251F118700A0438E /* LaunchScreen.storyboard */; };
		CA759BC2E7C3BEE5E85F63C4 /* Pods_alamofireTest.framework in Frameworks */ = {isa = PBXBuildFile; fileRef = D85474339B819CF38E4FF5ED /* Pods_alamofireTest.framework */; };
/* End PBXBuildFile section */

/* Begin PBXFileReference section */
		1D84D28305ECAD211E96387E /* Pods-alamofireTest.release.xcconfig */ = {isa = PBXFileReference; includeInIndex = 1; lastKnownFileType = text.xcconfig; name = "Pods-alamofireTest.release.xcconfig"; path = "Target Support Files/Pods-alamofireTest/Pods-alamofireTest.release.xcconfig"; sourceTree = "<group>"; };
		727E7B9A0162D4F57DAA8514 /* Pods-alamofireTest.debug.xcconfig */ = {isa = PBXFileReference; includeInIndex = 1; lastKnownFileType = text.xcconfig; name = "Pods-alamofireTest.debug.xcconfig"; path = "Target Support Files/Pods-alamofireTest/Pods-alamofireTest.debug.xcconfig"; sourceTree = "<group>"; };
		A6D5A368251F118000A0438E /* alamofireTest.app */ = {isa = PBXFileReference; explicitFileType = wrapper.application; includeInIndex = 0; path = alamofireTest.app; sourceTree = BUILT_PRODUCTS_DIR; };
		A6D5A36B251F118000A0438E /* AppDelegate.swift */ = {isa = PBXFileReference; lastKnownFileType = sourcecode.swift; path = AppDelegate.swift; sourceTree = "<group>"; };
		A6D5A36D251F118000A0438E /* SceneDelegate.swift */ = {isa = PBXFileReference; lastKnownFileType = sourcecode.swift; path = SceneDelegate.swift; sourceTree = "<group>"; };
		A6D5A36F251F118000A0438E /* ViewController.swift */ = {isa = PBXFileReference; lastKnownFileType = sourcecode.swift; path = ViewController.swift; sourceTree = "<group>"; };
		A6D5A372251F118000A0438E /* Base */ = {isa = PBXFileReference; lastKnownFileType = file.storyboard; name = Base; path = Base.lproj/Main.storyboard; sourceTree = "<group>"; };
		A6D5A374251F118700A0438E /* Assets.xcassets */ = {isa = PBXFileReference; lastKnownFileType = folder.assetcatalog; path = Assets.xcassets; sourceTree = "<group>"; };
		A6D5A377251F118700A0438E /* Base */ = {isa = PBXFileReference; lastKnownFileType = file.storyboard; name = Base; path = Base.lproj/LaunchScreen.storyboard; sourceTree = "<group>"; };
		A6D5A379251F118700A0438E /* Info.plist */ = {isa = PBXFileReference; lastKnownFileType = text.plist.xml; path = Info.plist; sourceTree = "<group>"; };
		D85474339B819CF38E4FF5ED /* Pods_alamofireTest.framework */ = {isa = PBXFileReference; explicitFileType = wrapper.framework; includeInIndex = 0; path = Pods_alamofireTest.framework; sourceTree = BUILT_PRODUCTS_DIR; };
/* End PBXFileReference section */

/* Begin PBXFrameworksBuildPhase section */
		A6D5A365251F118000A0438E /* Frameworks */ = {
			isa = PBXFrameworksBuildPhase;
			buildActionMask = 2147483647;
			files = (
				CA759BC2E7C3BEE5E85F63C4 /* Pods_alamofireTest.framework in Frameworks */,
			);
			runOnlyForDeploymentPostprocessing = 0;
		};
/* End PBXFrameworksBuildPhase section */

/* Begin PBXGroup section */
		65A6AB29176E845BB064CA09 /* Frameworks */ = {
			isa = PBXGroup;
			children = (
				D85474339B819CF38E4FF5ED /* Pods_alamofireTest.framework */,
			);
			name = Frameworks;
			sourceTree = "<group>";
		};
		9DE8D1C9E9706BD626149DFB /* Pods */ = {
			isa = PBXGroup;
			children = (
				727E7B9A0162D4F57DAA8514 /* Pods-alamofireTest.debug.xcconfig */,
				1D84D28305ECAD211E96387E /* Pods-alamofireTest.release.xcconfig */,
			);
			name = Pods;
			path = Pods;
			sourceTree = "<group>";
		};
		A6D5A35F251F118000A0438E = {
			isa = PBXGroup;
			children = (
				A6D5A36A251F118000A0438E /* alamofireTest */,
				A6D5A369251F118000A0438E /* Products */,
				9DE8D1C9E9706BD626149DFB /* Pods */,
				65A6AB29176E845BB064CA09 /* Frameworks */,
			);
			sourceTree = "<group>";
		};
		A6D5A369251F118000A0438E /* Products */ = {
			isa = PBXGroup;
			children = (
				A6D5A368251F118000A0438E /* alamofireTest.app */,
			);
			name = Products;
			sourceTree = "<group>";
		};
		A6D5A36A251F118000A0438E /* alamofireTest */ = {
			isa = PBXGroup;
			children = (
				A6D5A36B251F118000A0438E /* AppDelegate.swift */,
				A6D5A36D251F118000A0438E /* SceneDelegate.swift */,
				A6D5A36F251F118000A0438E /* ViewController.swift */,
				A6D5A371251F118000A0438E /* Main.storyboard */,
				A6D5A374251F118700A0438E /* Assets.xcassets */,
				A6D5A376251F118700A0438E /* LaunchScreen.storyboard */,
				A6D5A379251F118700A0438E /* Info.plist */,
			);
			path = alamofireTest;
			sourceTree = "<group>";
		};
/* End PBXGroup section */

/* Begin PBXNativeTarget section */
		A6D5A367251F118000A0438E /* alamofireTest */ = {
			isa = PBXNativeTarget;
			buildConfigurationList = A6D5A37C251F118700A0438E /* Build configuration list for PBXNativeTarget "alamofireTest" */;
			buildPhases = (
				EFF736549BBB92DBD114949E /* [CP] Check Pods Manifest.lock */,
				A6D5A364251F118000A0438E /* Sources */,
				A6D5A365251F118000A0438E /* Frameworks */,
				A6D5A366251F118000A0438E /* Resources */,
				E9332069426408FEC7D43B14 /* [CP] Embed Pods Frameworks */,
			);
			buildRules = (
			);
			dependencies = (
			);
			name = alamofireTest;
			productName = alamofireTest;
			productReference = A6D5A368251F118000A0438E /* alamofireTest.app */;
			productType = "com.apple.product-type.application";
		};
/* End PBXNativeTarget section */

/* Begin PBXProject section */
		A6D5A360251F118000A0438E /* Project object */ = {
			isa = PBXProject;
			attributes = {
				LastSwiftUpdateCheck = 1200;
				LastUpgradeCheck = 1200;
				TargetAttributes = {
					A6D5A367251F118000A0438E = {
						CreatedOnToolsVersion = 12.0;
					};
				};
			};
			buildConfigurationList = A6D5A363251F118000A0438E /* Build configuration list for PBXProject "alamofireTest" */;
			compatibilityVersion = "Xcode 9.3";
			developmentRegion = en;
			hasScannedForEncodings = 0;
			knownRegions = (
				en,
				Base,
			);
			mainGroup = A6D5A35F251F118000A0438E;
			productRefGroup = A6D5A369251F118000A0438E /* Products */;
			projectDirPath = "";
			projectRoot = "";
			targets = (
				A6D5A367251F118000A0438E /* alamofireTest */,
			);
		};
/* End PBXProject section */

/* Begin PBXResourcesBuildPhase section */
		A6D5A366251F118000A0438E /* Resources */ = {
			isa = PBXResourcesBuildPhase;
			buildActionMask = 2147483647;
			files = (
				A6D5A378251F118700A0438E /* LaunchScreen.storyboard in Resources */,
				A6D5A375251F118700A0438E /* Assets.xcassets in Resources */,
				A6D5A373251F118000A0438E /* Main.storyboard in Resources */,
			);
			runOnlyForDeploymentPostprocessing = 0;
		};
/* End PBXResourcesBuildPhase section */

/* Begin PBXShellScriptBuildPhase section */
		E9332069426408FEC7D43B14 /* [CP] Embed Pods Frameworks */ = {
			isa = PBXShellScriptBuildPhase;
			buildActionMask = 2147483647;
			files = (
			);
			inputFileListPaths = (
				"${PODS_ROOT}/Target Support Files/Pods-alamofireTest/Pods-alamofireTest-frameworks-${CONFIGURATION}-input-files.xcfilelist",
			);
			name = "[CP] Embed Pods Frameworks";
			outputFileListPaths = (
				"${PODS_ROOT}/Target Support Files/Pods-alamofireTest/Pods-alamofireTest-frameworks-${CONFIGURATION}-output-files.xcfilelist",
			);
			runOnlyForDeploymentPostprocessing = 0;
			shellPath = /bin/sh;
			shellScript = "\"${PODS_ROOT}/Target Support Files/Pods-alamofireTest/Pods-alamofireTest-frameworks.sh\"\n";
			showEnvVarsInLog = 0;
		};
		EFF736549BBB92DBD114949E /* [CP] Check Pods Manifest.lock */ = {
			isa = PBXShellScriptBuildPhase;
			buildActionMask = 2147483647;
			files = (
			);
			inputFileListPaths = (
			);
			inputPaths = (
				"${PODS_PODFILE_DIR_PATH}/Podfile.lock",
				"${PODS_ROOT}/Manifest.lock",
			);
			name = "[CP] Check Pods Manifest.lock";
			outputFileListPaths = (
			);
			outputPaths = (
				"$(DERIVED_FILE_DIR)/Pods-alamofireTest-checkManifestLockResult.txt",
			);
			runOnlyForDeploymentPostprocessing = 0;
			shellPath = /bin/sh;
			shellScript = "diff \"${PODS_PODFILE_DIR_PATH}/Podfile.lock\" \"${PODS_ROOT}/Manifest.lock\" > /dev/null\nif [ $? != 0 ] ; then\n    # print error to STDERR\n    echo \"error: The sandbox is not in sync with the Podfile.lock. Run 'pod install' or update your CocoaPods installation.\" >&2\n    exit 1\nfi\n# This output is used by Xcode 'outputs' to avoid re-running this script phase.\necho \"SUCCESS\" > \"${SCRIPT_OUTPUT_FILE_0}\"\n";
			showEnvVarsInLog = 0;
		};
/* End PBXShellScriptBuildPhase section */

/* Begin PBXSourcesBuildPhase section */
		A6D5A364251F118000A0438E /* Sources */ = {
			isa = PBXSourcesBuildPhase;
			buildActionMask = 2147483647;
			files = (
				A6D5A370251F118000A0438E /* ViewController.swift in Sources */,
				A6D5A36C251F118000A0438E /* AppDelegate.swift in Sources */,
				A6D5A36E251F118000A0438E /* SceneDelegate.swift in Sources */,
			);
			runOnlyForDeploymentPostprocessing = 0;
		};
/* End PBXSourcesBuildPhase section */

/* Begin PBXVariantGroup section */
		A6D5A371251F118000A0438E /* Main.storyboard */ = {
			isa = PBXVariantGroup;
			children = (
				A6D5A372251F118000A0438E /* Base */,
			);
			name = Main.storyboard;
			sourceTree = "<group>";
		};
		A6D5A376251F118700A0438E /* LaunchScreen.storyboard */ = {
			isa = PBXVariantGroup;
			children = (
				A6D5A377251F118700A0438E /* Base */,
			);
			name = LaunchScreen.storyboard;
			sourceTree = "<group>";
		};
/* End PBXVariantGroup section */

/* Begin XCBuildConfiguration section */
		A6D5A37A251F118700A0438E /* Debug */ = {
			isa = XCBuildConfiguration;
			buildSettings = {
				ALWAYS_SEARCH_USER_PATHS = NO;
				CLANG_ANALYZER_NONNULL = YES;
				CLANG_ANALYZER_NUMBER_OBJECT_CONVERSION = YES_AGGRESSIVE;
				CLANG_CXX_LANGUAGE_STANDARD = "gnu++14";
				CLANG_CXX_LIBRARY = "libc++";
				CLANG_ENABLE_MODULES = YES;
				CLANG_ENABLE_OBJC_ARC = YES;
				CLANG_ENABLE_OBJC_WEAK = YES;
				CLANG_WARN_BLOCK_CAPTURE_AUTORELEASING = YES;
				CLANG_WARN_BOOL_CONVERSION = YES;
				CLANG_WARN_COMMA = YES;
				CLANG_WARN_CONSTANT_CONVERSION = YES;
				CLANG_WARN_DEPRECATED_OBJC_IMPLEMENTATIONS = YES;
				CLANG_WARN_DIRECT_OBJC_ISA_USAGE = YES_ERROR;
				CLANG_WARN_DOCUMENTATION_COMMENTS = YES;
				CLANG_WARN_EMPTY_BODY = YES;
				CLANG_WARN_ENUM_CONVERSION = YES;
				CLANG_WARN_INFINITE_RECURSION = YES;
				CLANG_WARN_INT_CONVERSION = YES;
				CLANG_WARN_NON_LITERAL_NULL_CONVERSION = YES;
				CLANG_WARN_OBJC_IMPLICIT_RETAIN_SELF = YES;
				CLANG_WARN_OBJC_LITERAL_CONVERSION = YES;
				CLANG_WARN_OBJC_ROOT_CLASS = YES_ERROR;
				CLANG_WARN_QUOTED_INCLUDE_IN_FRAMEWORK_HEADER = YES;
				CLANG_WARN_RANGE_LOOP_ANALYSIS = YES;
				CLANG_WARN_STRICT_PROTOTYPES = YES;
				CLANG_WARN_SUSPICIOUS_MOVE = YES;
				CLANG_WARN_UNGUARDED_AVAILABILITY = YES_AGGRESSIVE;
				CLANG_WARN_UNREACHABLE_CODE = YES;
				CLANG_WARN__DUPLICATE_METHOD_MATCH = YES;
				COPY_PHASE_STRIP = NO;
				DEBUG_INFORMATION_FORMAT = dwarf;
				ENABLE_STRICT_OBJC_MSGSEND = YES;
				ENABLE_TESTABILITY = YES;
				GCC_C_LANGUAGE_STANDARD = gnu11;
				GCC_DYNAMIC_NO_PIC = NO;
				GCC_NO_COMMON_BLOCKS = YES;
				GCC_OPTIMIZATION_LEVEL = 0;
				GCC_PREPROCESSOR_DEFINITIONS = (
					"DEBUG=1",
					"$(inherited)",
				);
				GCC_WARN_64_TO_32_BIT_CONVERSION = YES;
				GCC_WARN_ABOUT_RETURN_TYPE = YES_ERROR;
				GCC_WARN_UNDECLARED_SELECTOR = YES;
				GCC_WARN_UNINITIALIZED_AUTOS = YES_AGGRESSIVE;
				GCC_WARN_UNUSED_FUNCTION = YES;
				GCC_WARN_UNUSED_VARIABLE = YES;
				IPHONEOS_DEPLOYMENT_TARGET = 14.0;
				MTL_ENABLE_DEBUG_INFO = INCLUDE_SOURCE;
				MTL_FAST_MATH = YES;
				ONLY_ACTIVE_ARCH = YES;
				SDKROOT = iphoneos;
				SWIFT_ACTIVE_COMPILATION_CONDITIONS = DEBUG;
				SWIFT_OPTIMIZATION_LEVEL = "-Onone";
			};
			name = Debug;
		};
		A6D5A37B251F118700A0438E /* Release */ = {
			isa = XCBuildConfiguration;
			buildSettings = {
				ALWAYS_SEARCH_USER_PATHS = NO;
				CLANG_ANALYZER_NONNULL = YES;
				CLANG_ANALYZER_NUMBER_OBJECT_CONVERSION = YES_AGGRESSIVE;
				CLANG_CXX_LANGUAGE_STANDARD = "gnu++14";
				CLANG_CXX_LIBRARY = "libc++";
				CLANG_ENABLE_MODULES = YES;
				CLANG_ENABLE_OBJC_ARC = YES;
				CLANG_ENABLE_OBJC_WEAK = YES;
				CLANG_WARN_BLOCK_CAPTURE_AUTORELEASING = YES;
				CLANG_WARN_BOOL_CONVERSION = YES;
				CLANG_WARN_COMMA = YES;
				CLANG_WARN_CONSTANT_CONVERSION = YES;
				CLANG_WARN_DEPRECATED_OBJC_IMPLEMENTATIONS = YES;
				CLANG_WARN_DIRECT_OBJC_ISA_USAGE = YES_ERROR;
				CLANG_WARN_DOCUMENTATION_COMMENTS = YES;
				CLANG_WARN_EMPTY_BODY = YES;
				CLANG_WARN_ENUM_CONVERSION = YES;
				CLANG_WARN_INFINITE_RECURSION = YES;
				CLANG_WARN_INT_CONVERSION = YES;
				CLANG_WARN_NON_LITERAL_NULL_CONVERSION = YES;
				CLANG_WARN_OBJC_IMPLICIT_RETAIN_SELF = YES;
				CLANG_WARN_OBJC_LITERAL_CONVERSION = YES;
				CLANG_WARN_OBJC_ROOT_CLASS = YES_ERROR;
				CLANG_WARN_QUOTED_INCLUDE_IN_FRAMEWORK_HEADER = YES;
				CLANG_WARN_RANGE_LOOP_ANALYSIS = YES;
				CLANG_WARN_STRICT_PROTOTYPES = YES;
				CLANG_WARN_SUSPICIOUS_MOVE = YES;
				CLANG_WARN_UNGUARDED_AVAILABILITY = YES_AGGRESSIVE;
				CLANG_WARN_UNREACHABLE_CODE = YES;
				CLANG_WARN__DUPLICATE_METHOD_MATCH = YES;
				COPY_PHASE_STRIP = NO;
				DEBUG_INFORMATION_FORMAT = "dwarf-with-dsym";
				ENABLE_NS_ASSERTIONS = NO;
				ENABLE_STRICT_OBJC_MSGSEND = YES;
				GCC_C_LANGUAGE_STANDARD = gnu11;
				GCC_NO_COMMON_BLOCKS = YES;
				GCC_WARN_64_TO_32_BIT_CONVERSION = YES;
				GCC_WARN_ABOUT_RETURN_TYPE = YES_ERROR;
				GCC_WARN_UNDECLARED_SELECTOR = YES;
				GCC_WARN_UNINITIALIZED_AUTOS = YES_AGGRESSIVE;
				GCC_WARN_UNUSED_FUNCTION = YES;
				GCC_WARN_UNUSED_VARIABLE = YES;
				IPHONEOS_DEPLOYMENT_TARGET = 14.0;
				MTL_ENABLE_DEBUG_INFO = NO;
				MTL_FAST_MATH = YES;
				SDKROOT = iphoneos;
				SWIFT_COMPILATION_MODE = wholemodule;
				SWIFT_OPTIMIZATION_LEVEL = "-O";
				VALIDATE_PRODUCT = YES;
			};
			name = Release;
		};
		A6D5A37D251F118700A0438E /* Debug */ = {
			isa = XCBuildConfiguration;
			baseConfigurationReference = 727E7B9A0162D4F57DAA8514 /* Pods-alamofireTest.debug.xcconfig */;
			buildSettings = {
				ASSETCATALOG_COMPILER_APPICON_NAME = AppIcon;
				ASSETCATALOG_COMPILER_GLOBAL_ACCENT_COLOR_NAME = AccentColor;
				CODE_SIGN_STYLE = Automatic;
				INFOPLIST_FILE = alamofireTest/Info.plist;
				LD_RUNPATH_SEARCH_PATHS = (
					"$(inherited)",
					"@executable_path/Frameworks",
				);
				PRODUCT_BUNDLE_IDENTIFIER = com.ioswithshantanu.alamofireTest;
				PRODUCT_NAME = "$(TARGET_NAME)";
				SWIFT_VERSION = 5.0;
				TARGETED_DEVICE_FAMILY = "1,2";
			};
			name = Debug;
		};
		A6D5A37E251F118700A0438E /* Release */ = {
			isa = XCBuildConfiguration;
			baseConfigurationReference = 1D84D28305ECAD211E96387E /* Pods-alamofireTest.release.xcconfig */;
			buildSettings = {
				ASSETCATALOG_COMPILER_APPICON_NAME = AppIcon;
				ASSETCATALOG_COMPILER_GLOBAL_ACCENT_COLOR_NAME = AccentColor;
				CODE_SIGN_STYLE = Automatic;
				INFOPLIST_FILE = alamofireTest/Info.plist;
				LD_RUNPATH_SEARCH_PATHS = (
					"$(inherited)",
					"@executable_path/Frameworks",
				);
				PRODUCT_BUNDLE_IDENTIFIER = com.ioswithshantanu.alamofireTest;
				PRODUCT_NAME = "$(TARGET_NAME)";
				SWIFT_VERSION = 5.0;
				TARGETED_DEVICE_FAMILY = "1,2";
			};
			name = Release;
		};
/* End XCBuildConfiguration section */

/* Begin XCConfigurationList section */
		A6D5A363251F118000A0438E /* Build configuration list for PBXProject "alamofireTest" */ = {
			isa = XCConfigurationList;
			buildConfigurations = (
				A6D5A37A251F118700A0438E /* Debug */,
				A6D5A37B251F118700A0438E /* Release */,
			);
			defaultConfigurationIsVisible = 0;
			defaultConfigurationName = Release;
		};
		A6D5A37C251F118700A0438E /* Build configuration list for PBXNativeTarget "alamofireTest" */ = {
			isa = XCConfigurationList;
			buildConfigurations = (
				A6D5A37D251F118700A0438E /* Debug */,
				A6D5A37E251F118700A0438E /* Release */,
			);
			defaultConfigurationIsVisible = 0;
			defaultConfigurationName = Release;
		};
/* End XCConfigurationList section */
	};
	rootObject = A6D5A360251F118000A0438E /* Project object */;
}
